// !$*UTF8*$!
{
	archiveVersion = 1;
	classes = {
	};
	objectVersion = 50;
	objects = {

/* Begin PBXBuildFile section */
		62A9DD0C222EB056008AE00B /* AppDelegate.swift in Sources */ = {isa = PBXBuildFile; fileRef = 62A9DD0B222EB056008AE00B /* AppDelegate.swift */; };
		62A9DD0E222EB056008AE00B /* ViewController.swift in Sources */ = {isa = PBXBuildFile; fileRef = 62A9DD0D222EB056008AE00B /* ViewController.swift */; };
		62A9DD11222EB056008AE00B /* Main.storyboard in Resources */ = {isa = PBXBuildFile; fileRef = 62A9DD0F222EB056008AE00B /* Main.storyboard */; };
		62A9DD13222EB059008AE00B /* Assets.xcassets in Resources */ = {isa = PBXBuildFile; fileRef = 62A9DD12222EB059008AE00B /* Assets.xcassets */; };
		62A9DD16222EB059008AE00B /* LaunchScreen.storyboard in Resources */ = {isa = PBXBuildFile; fileRef = 62A9DD14222EB059008AE00B /* LaunchScreen.storyboard */; };
		62A9DD1E222EB3C3008AE00B /* .gitignore in Resources */ = {isa = PBXBuildFile; fileRef = 62A9DD1D222EB3C3008AE00B /* .gitignore */; };
		62A9DD20222EE584008AE00B /* CurrectCryptoRate.swift in Sources */ = {isa = PBXBuildFile; fileRef = 62A9DD1F222EE584008AE00B /* CurrectCryptoRate.swift */; };
		62A9DD22222EE5AB008AE00B /* CryptoIconManager.swift in Sources */ = {isa = PBXBuildFile; fileRef = 62A9DD21222EE5AB008AE00B /* CryptoIconManager.swift */; };
		62A9DD25222EE793008AE00B /* ErrorManager.swift in Sources */ = {isa = PBXBuildFile; fileRef = 62A9DD24222EE792008AE00B /* ErrorManager.swift */; };
		62A9DD27222EE800008AE00B /* APIManager.swift in Sources */ = {isa = PBXBuildFile; fileRef = 62A9DD26222EE800008AE00B /* APIManager.swift */; };
		62A9DD29222EE844008AE00B /* APICryptoManager.swift in Sources */ = {isa = PBXBuildFile; fileRef = 62A9DD28222EE844008AE00B /* APICryptoManager.swift */; };
/* End PBXBuildFile section */

/* Begin PBXFileReference section */
		62A9DD08222EB056008AE00B /* CryptoRateApp.app */ = {isa = PBXFileReference; explicitFileType = wrapper.application; includeInIndex = 0; path = CryptoRateApp.app; sourceTree = BUILT_PRODUCTS_DIR; };
		62A9DD0B222EB056008AE00B /* AppDelegate.swift */ = {isa = PBXFileReference; lastKnownFileType = sourcecode.swift; path = AppDelegate.swift; sourceTree = "<group>"; };
		62A9DD0D222EB056008AE00B /* ViewController.swift */ = {isa = PBXFileReference; lastKnownFileType = sourcecode.swift; path = ViewController.swift; sourceTree = "<group>"; };
		62A9DD10222EB056008AE00B /* Base */ = {isa = PBXFileReference; lastKnownFileType = file.storyboard; name = Base; path = Base.lproj/Main.storyboard; sourceTree = "<group>"; };
		62A9DD12222EB059008AE00B /* Assets.xcassets */ = {isa = PBXFileReference; lastKnownFileType = folder.assetcatalog; path = Assets.xcassets; sourceTree = "<group>"; };
		62A9DD15222EB059008AE00B /* Base */ = {isa = PBXFileReference; lastKnownFileType = file.storyboard; name = Base; path = Base.lproj/LaunchScreen.storyboard; sourceTree = "<group>"; };
		62A9DD17222EB059008AE00B /* Info.plist */ = {isa = PBXFileReference; lastKnownFileType = text.plist.xml; path = Info.plist; sourceTree = "<group>"; };
		62A9DD1D222EB3C3008AE00B /* .gitignore */ = {isa = PBXFileReference; lastKnownFileType = text; path = .gitignore; sourceTree = "<group>"; };
		62A9DD1F222EE584008AE00B /* CurrectCryptoRate.swift */ = {isa = PBXFileReference; lastKnownFileType = sourcecode.swift; path = CurrectCryptoRate.swift; sourceTree = "<group>"; };
		62A9DD21222EE5AB008AE00B /* CryptoIconManager.swift */ = {isa = PBXFileReference; lastKnownFileType = sourcecode.swift; path = CryptoIconManager.swift; sourceTree = "<group>"; };
		62A9DD24222EE792008AE00B /* ErrorManager.swift */ = {isa = PBXFileReference; lastKnownFileType = sourcecode.swift; path = ErrorManager.swift; sourceTree = "<group>"; };
		62A9DD26222EE800008AE00B /* APIManager.swift */ = {isa = PBXFileReference; lastKnownFileType = sourcecode.swift; path = APIManager.swift; sourceTree = "<group>"; };
		62A9DD28222EE844008AE00B /* APICryptoManager.swift */ = {isa = PBXFileReference; lastKnownFileType = sourcecode.swift; path = APICryptoManager.swift; sourceTree = "<group>"; };
/* End PBXFileReference section */

/* Begin PBXFrameworksBuildPhase section */
		62A9DD05222EB056008AE00B /* Frameworks */ = {
			isa = PBXFrameworksBuildPhase;
			buildActionMask = 2147483647;
			files = (
			);
			runOnlyForDeploymentPostprocessing = 0;
		};
/* End PBXFrameworksBuildPhase section */

/* Begin PBXGroup section */
		62A9DCFF222EB056008AE00B = {
			isa = PBXGroup;
			children = (
				62A9DD1D222EB3C3008AE00B /* .gitignore */,
				62A9DD0A222EB056008AE00B /* CryptoRateApp */,
				62A9DD09222EB056008AE00B /* Products */,
			);
			sourceTree = "<group>";
		};
		62A9DD09222EB056008AE00B /* Products */ = {
			isa = PBXGroup;
			children = (
				62A9DD08222EB056008AE00B /* CryptoRateApp.app */,
			);
			name = Products;
			sourceTree = "<group>";
		};
		62A9DD0A222EB056008AE00B /* CryptoRateApp */ = {
			isa = PBXGroup;
			children = (
				62A9DD0B222EB056008AE00B /* AppDelegate.swift */,
				62A9DD24222EE792008AE00B /* ErrorManager.swift */,
				62A9DD26222EE800008AE00B /* APIManager.swift */,
				62A9DD28222EE844008AE00B /* APICryptoManager.swift */,
				62A9DD0D222EB056008AE00B /* ViewController.swift */,
				62A9DD23222EE5C0008AE00B /* CryptoRate Model */,
				62A9DD0F222EB056008AE00B /* Main.storyboard */,
				62A9DD12222EB059008AE00B /* Assets.xcassets */,
				62A9DD14222EB059008AE00B /* LaunchScreen.storyboard */,
				62A9DD17222EB059008AE00B /* Info.plist */,
			);
			path = CryptoRateApp;
			sourceTree = "<group>";
		};
		62A9DD23222EE5C0008AE00B /* CryptoRate Model */ = {
			isa = PBXGroup;
			children = (
				62A9DD1F222EE584008AE00B /* CurrectCryptoRate.swift */,
				62A9DD21222EE5AB008AE00B /* CryptoIconManager.swift */,
			);
			path = "CryptoRate Model";
			sourceTree = "<group>";
		};
/* End PBXGroup section */

/* Begin PBXNativeTarget section */
		62A9DD07222EB056008AE00B /* CryptoRateApp */ = {
			isa = PBXNativeTarget;
			buildConfigurationList = 62A9DD1A222EB059008AE00B /* Build configuration list for PBXNativeTarget "CryptoRateApp" */;
			buildPhases = (
				62A9DD04222EB056008AE00B /* Sources */,
				62A9DD05222EB056008AE00B /* Frameworks */,
				62A9DD06222EB056008AE00B /* Resources */,
			);
			buildRules = (
			);
			dependencies = (
			);
			name = CryptoRateApp;
			productName = CryptoRateApp;
			productReference = 62A9DD08222EB056008AE00B /* CryptoRateApp.app */;
			productType = "com.apple.product-type.application";
		};
/* End PBXNativeTarget section */

/* Begin PBXProject section */
		62A9DD00222EB056008AE00B /* Project object */ = {
			isa = PBXProject;
			attributes = {
				LastSwiftUpdateCheck = 0940;
				LastUpgradeCheck = 0940;
				ORGANIZATIONNAME = "Shmygovskii Ivan";
				TargetAttributes = {
					62A9DD07222EB056008AE00B = {
						CreatedOnToolsVersion = 9.4.1;
					};
				};
			};
			buildConfigurationList = 62A9DD03222EB056008AE00B /* Build configuration list for PBXProject "CryptoRateApp" */;
			compatibilityVersion = "Xcode 9.3";
			developmentRegion = en;
			hasScannedForEncodings = 0;
			knownRegions = (
				en,
				Base,
			);
			mainGroup = 62A9DCFF222EB056008AE00B;
			productRefGroup = 62A9DD09222EB056008AE00B /* Products */;
			projectDirPath = "";
			projectRoot = "";
			targets = (
				62A9DD07222EB056008AE00B /* CryptoRateApp */,
			);
		};
/* End PBXProject section */

/* Begin PBXResourcesBuildPhase section */
		62A9DD06222EB056008AE00B /* Resources */ = {
			isa = PBXResourcesBuildPhase;
			buildActionMask = 2147483647;
			files = (
				62A9DD1E222EB3C3008AE00B /* .gitignore in Resources */,
				62A9DD16222EB059008AE00B /* LaunchScreen.storyboard in Resources */,
				62A9DD13222EB059008AE00B /* Assets.xcassets in Resources */,
				62A9DD11222EB056008AE00B /* Main.storyboard in Resources */,
			);
			runOnlyForDeploymentPostprocessing = 0;
		};
/* End PBXResourcesBuildPhase section */

/* Begin PBXSourcesBuildPhase section */
		62A9DD04222EB056008AE00B /* Sources */ = {
			isa = PBXSourcesBuildPhase;
			buildActionMask = 2147483647;
			files = (
				62A9DD29222EE844008AE00B /* APICryptoManager.swift in Sources */,
				62A9DD27222EE800008AE00B /* APIManager.swift in Sources */,
				62A9DD0E222EB056008AE00B /* ViewController.swift in Sources */,
				62A9DD20222EE584008AE00B /* CurrectCryptoRate.swift in Sources */,
				62A9DD0C222EB056008AE00B /* AppDelegate.swift in Sources */,
				62A9DD22222EE5AB008AE00B /* CryptoIconManager.swift in Sources */,
				62A9DD25222EE793008AE00B /* ErrorManager.swift in Sources */,
			);
			runOnlyForDeploymentPostprocessing = 0;
		};
/* End PBXSourcesBuildPhase section */

/* Begin PBXVariantGroup section */
		62A9DD0F222EB056008AE00B /* Main.storyboard */ = {
			isa = PBXVariantGroup;
			children = (
				62A9DD10222EB056008AE00B /* Base */,
			);
			name = Main.storyboard;
			sourceTree = "<group>";
		};
		62A9DD14222EB059008AE00B /* LaunchScreen.storyboard */ = {
			isa = PBXVariantGroup;
			children = (
				62A9DD15222EB059008AE00B /* Base */,
			);
			name = LaunchScreen.storyboard;
			sourceTree = "<group>";
		};
/* End PBXVariantGroup section */

/* Begin XCBuildConfiguration section */
		62A9DD18222EB059008AE00B /* Debug */ = {
			isa = XCBuildConfiguration;
			buildSettings = {
				ALWAYS_SEARCH_USER_PATHS = NO;
				CLANG_ANALYZER_NONNULL = YES;
				CLANG_ANALYZER_NUMBER_OBJECT_CONVERSION = YES_AGGRESSIVE;
				CLANG_CXX_LANGUAGE_STANDARD = "gnu++14";
				CLANG_CXX_LIBRARY = "libc++";
				CLANG_ENABLE_MODULES = YES;
				CLANG_ENABLE_OBJC_ARC = YES;
				CLANG_ENABLE_OBJC_WEAK = YES;
				CLANG_WARN_BLOCK_CAPTURE_AUTORELEASING = YES;
				CLANG_WARN_BOOL_CONVERSION = YES;
				CLANG_WARN_COMMA = YES;
				CLANG_WARN_CONSTANT_CONVERSION = YES;
				CLANG_WARN_DEPRECATED_OBJC_IMPLEMENTATIONS = YES;
				CLANG_WARN_DIRECT_OBJC_ISA_USAGE = YES_ERROR;
				CLANG_WARN_DOCUMENTATION_COMMENTS = YES;
				CLANG_WARN_EMPTY_BODY = YES;
				CLANG_WARN_ENUM_CONVERSION = YES;
				CLANG_WARN_INFINITE_RECURSION = YES;
				CLANG_WARN_INT_CONVERSION = YES;
				CLANG_WARN_NON_LITERAL_NULL_CONVERSION = YES;
				CLANG_WARN_OBJC_IMPLICIT_RETAIN_SELF = YES;
				CLANG_WARN_OBJC_LITERAL_CONVERSION = YES;
				CLANG_WARN_OBJC_ROOT_CLASS = YES_ERROR;
				CLANG_WARN_RANGE_LOOP_ANALYSIS = YES;
				CLANG_WARN_STRICT_PROTOTYPES = YES;
				CLANG_WARN_SUSPICIOUS_MOVE = YES;
				CLANG_WARN_UNGUARDED_AVAILABILITY = YES_AGGRESSIVE;
				CLANG_WARN_UNREACHABLE_CODE = YES;
				CLANG_WARN__DUPLICATE_METHOD_MATCH = YES;
				CODE_SIGN_IDENTITY = "iPhone Developer";
				COPY_PHASE_STRIP = NO;
				DEBUG_INFORMATION_FORMAT = dwarf;
				ENABLE_STRICT_OBJC_MSGSEND = YES;
				ENABLE_TESTABILITY = YES;
				GCC_C_LANGUAGE_STANDARD = gnu11;
				GCC_DYNAMIC_NO_PIC = NO;
				GCC_NO_COMMON_BLOCKS = YES;
				GCC_OPTIMIZATION_LEVEL = 0;
				GCC_PREPROCESSOR_DEFINITIONS = (
					"DEBUG=1",
					"$(inherited)",
				);
				GCC_WARN_64_TO_32_BIT_CONVERSION = YES;
				GCC_WARN_ABOUT_RETURN_TYPE = YES_ERROR;
				GCC_WARN_UNDECLARED_SELECTOR = YES;
				GCC_WARN_UNINITIALIZED_AUTOS = YES_AGGRESSIVE;
				GCC_WARN_UNUSED_FUNCTION = YES;
				GCC_WARN_UNUSED_VARIABLE = YES;
				IPHONEOS_DEPLOYMENT_TARGET = 11.4;
				MTL_ENABLE_DEBUG_INFO = YES;
				ONLY_ACTIVE_ARCH = YES;
				SDKROOT = iphoneos;
				SWIFT_ACTIVE_COMPILATION_CONDITIONS = DEBUG;
				SWIFT_OPTIMIZATION_LEVEL = "-Onone";
			};
			name = Debug;
		};
		62A9DD19222EB059008AE00B /* Release */ = {
			isa = XCBuildConfiguration;
			buildSettings = {
				ALWAYS_SEARCH_USER_PATHS = NO;
				CLANG_ANALYZER_NONNULL = YES;
				CLANG_ANALYZER_NUMBER_OBJECT_CONVERSION = YES_AGGRESSIVE;
				CLANG_CXX_LANGUAGE_STANDARD = "gnu++14";
				CLANG_CXX_LIBRARY = "libc++";
				CLANG_ENABLE_MODULES = YES;
				CLANG_ENABLE_OBJC_ARC = YES;
				CLANG_ENABLE_OBJC_WEAK = YES;
				CLANG_WARN_BLOCK_CAPTURE_AUTORELEASING = YES;
				CLANG_WARN_BOOL_CONVERSION = YES;
				CLANG_WARN_COMMA = YES;
				CLANG_WARN_CONSTANT_CONVERSION = YES;
				CLANG_WARN_DEPRECATED_OBJC_IMPLEMENTATIONS = YES;
				CLANG_WARN_DIRECT_OBJC_ISA_USAGE = YES_ERROR;
				CLANG_WARN_DOCUMENTATION_COMMENTS = YES;
				CLANG_WARN_EMPTY_BODY = YES;
				CLANG_WARN_ENUM_CONVERSION = YES;
				CLANG_WARN_INFINITE_RECURSION = YES;
				CLANG_WARN_INT_CONVERSION = YES;
				CLANG_WARN_NON_LITERAL_NULL_CONVERSION = YES;
				CLANG_WARN_OBJC_IMPLICIT_RETAIN_SELF = YES;
				CLANG_WARN_OBJC_LITERAL_CONVERSION = YES;
				CLANG_WARN_OBJC_ROOT_CLASS = YES_ERROR;
				CLANG_WARN_RANGE_LOOP_ANALYSIS = YES;
				CLANG_WARN_STRICT_PROTOTYPES = YES;
				CLANG_WARN_SUSPICIOUS_MOVE = YES;
				CLANG_WARN_UNGUARDED_AVAILABILITY = YES_AGGRESSIVE;
				CLANG_WARN_UNREACHABLE_CODE = YES;
				CLANG_WARN__DUPLICATE_METHOD_MATCH = YES;
				CODE_SIGN_IDENTITY = "iPhone Developer";
				COPY_PHASE_STRIP = NO;
				DEBUG_INFORMATION_FORMAT = "dwarf-with-dsym";
				ENABLE_NS_ASSERTIONS = NO;
				ENABLE_STRICT_OBJC_MSGSEND = YES;
				GCC_C_LANGUAGE_STANDARD = gnu11;
				GCC_NO_COMMON_BLOCKS = YES;
				GCC_WARN_64_TO_32_BIT_CONVERSION = YES;
				GCC_WARN_ABOUT_RETURN_TYPE = YES_ERROR;
				GCC_WARN_UNDECLARED_SELECTOR = YES;
				GCC_WARN_UNINITIALIZED_AUTOS = YES_AGGRESSIVE;
				GCC_WARN_UNUSED_FUNCTION = YES;
				GCC_WARN_UNUSED_VARIABLE = YES;
				IPHONEOS_DEPLOYMENT_TARGET = 11.4;
				MTL_ENABLE_DEBUG_INFO = NO;
				SDKROOT = iphoneos;
				SWIFT_COMPILATION_MODE = wholemodule;
				SWIFT_OPTIMIZATION_LEVEL = "-O";
				VALIDATE_PRODUCT = YES;
			};
			name = Release;
		};
		62A9DD1B222EB059008AE00B /* Debug */ = {
			isa = XCBuildConfiguration;
			buildSettings = {
				ASSETCATALOG_COMPILER_APPICON_NAME = AppIcon;
				CODE_SIGN_STYLE = Automatic;
				DEVELOPMENT_TEAM = C8SHT3568Q;
				INFOPLIST_FILE = CryptoRateApp/Info.plist;
				IPHONEOS_DEPLOYMENT_TARGET = 10.3;
				LD_RUNPATH_SEARCH_PATHS = (
					"$(inherited)",
					"@executable_path/Frameworks",
				);
				PRODUCT_BUNDLE_IDENTIFIER = wrx.CryptoRateApp;
				PRODUCT_NAME = "$(TARGET_NAME)";
				SWIFT_VERSION = 4.0;
				TARGETED_DEVICE_FAMILY = "1,2";
			};
			name = Debug;
		};
		62A9DD1C222EB059008AE00B /* Release */ = {
			isa = XCBuildConfiguration;
			buildSettings = {
				ASSETCATALOG_COMPILER_APPICON_NAME = AppIcon;
				CODE_SIGN_STYLE = Automatic;
				DEVELOPMENT_TEAM = C8SHT3568Q;
				INFOPLIST_FILE = CryptoRateApp/Info.plist;
				IPHONEOS_DEPLOYMENT_TARGET = 10.3;
				LD_RUNPATH_SEARCH_PATHS = (
					"$(inherited)",
					"@executable_path/Frameworks",
				);
				PRODUCT_BUNDLE_IDENTIFIER = wrx.CryptoRateApp;
				PRODUCT_NAME = "$(TARGET_NAME)";
				SWIFT_VERSION = 4.0;
				TARGETED_DEVICE_FAMILY = "1,2";
			};
			name = Release;
		};
/* End XCBuildConfiguration section */

/* Begin XCConfigurationList section */
		62A9DD03222EB056008AE00B /* Build configuration list for PBXProject "CryptoRateApp" */ = {
			isa = XCConfigurationList;
			buildConfigurations = (
				62A9DD18222EB059008AE00B /* Debug */,
				62A9DD19222EB059008AE00B /* Release */,
			);
			defaultConfigurationIsVisible = 0;
			defaultConfigurationName = Release;
		};
		62A9DD1A222EB059008AE00B /* Build configuration list for PBXNativeTarget "CryptoRateApp" */ = {
			isa = XCConfigurationList;
			buildConfigurations = (
				62A9DD1B222EB059008AE00B /* Debug */,
				62A9DD1C222EB059008AE00B /* Release */,
			);
			defaultConfigurationIsVisible = 0;
			defaultConfigurationName = Release;
		};
/* End XCConfigurationList section */
	};
	rootObject = 62A9DD00222EB056008AE00B /* Project object */;
}
